// !$*UTF8*$!
{
	archiveVersion = 1;
	classes = {
	};
	objectVersion = 50;
	objects = {

/* Begin PBXBuildFile section */
		3341AC5023129568000285C7 /* AppDelegate.m in Sources */ = {isa = PBXBuildFile; fileRef = 3341AC4F23129568000285C7 /* AppDelegate.m */; };
		3341AC5323129568000285C7 /* ViewController.m in Sources */ = {isa = PBXBuildFile; fileRef = 3341AC5223129568000285C7 /* ViewController.m */; };
		3341AC5623129568000285C7 /* Main.storyboard in Resources */ = {isa = PBXBuildFile; fileRef = 3341AC5423129568000285C7 /* Main.storyboard */; };
		3341AC5823129569000285C7 /* Assets.xcassets in Resources */ = {isa = PBXBuildFile; fileRef = 3341AC5723129569000285C7 /* Assets.xcassets */; };
		3341AC5B23129569000285C7 /* LaunchScreen.storyboard in Resources */ = {isa = PBXBuildFile; fileRef = 3341AC5923129569000285C7 /* LaunchScreen.storyboard */; };
		3341AC5E23129569000285C7 /* main.m in Sources */ = {isa = PBXBuildFile; fileRef = 3341AC5D23129569000285C7 /* main.m */; };
		3341AC902312ADCF000285C7 /* CCMediator+AccountModule.m in Sources */ = {isa = PBXBuildFile; fileRef = 3341AC8F2312ADCF000285C7 /* CCMediator+AccountModule.m */; };
		5366DF7470E8FB918C159295 /* libPods-AccountModule_Category.a in Frameworks */ = {isa = PBXBuildFile; fileRef = D6E58EFCA1796F0F22DF7A63 /* libPods-AccountModule_Category.a */; };
/* End PBXBuildFile section */

/* Begin PBXFileReference section */
		0A153C5ED92A47411C371431 /* Pods-AccountModule_Category.release.xcconfig */ = {isa = PBXFileReference; includeInIndex = 1; lastKnownFileType = text.xcconfig; name = "Pods-AccountModule_Category.release.xcconfig"; path = "Target Support Files/Pods-AccountModule_Category/Pods-AccountModule_Category.release.xcconfig"; sourceTree = "<group>"; };
		182CFDF76513DD851C58369D /* Pods-AccountModule_Category.debug.xcconfig */ = {isa = PBXFileReference; includeInIndex = 1; lastKnownFileType = text.xcconfig; name = "Pods-AccountModule_Category.debug.xcconfig"; path = "Target Support Files/Pods-AccountModule_Category/Pods-AccountModule_Category.debug.xcconfig"; sourceTree = "<group>"; };
		3341AC4B23129568000285C7 /* AccountModule_Category.app */ = {isa = PBXFileReference; explicitFileType = wrapper.application; includeInIndex = 0; path = AccountModule_Category.app; sourceTree = BUILT_PRODUCTS_DIR; };
		3341AC4E23129568000285C7 /* AppDelegate.h */ = {isa = PBXFileReference; lastKnownFileType = sourcecode.c.h; path = AppDelegate.h; sourceTree = "<group>"; };
		3341AC4F23129568000285C7 /* AppDelegate.m */ = {isa = PBXFileReference; lastKnownFileType = sourcecode.c.objc; path = AppDelegate.m; sourceTree = "<group>"; };
		3341AC5123129568000285C7 /* ViewController.h */ = {isa = PBXFileReference; lastKnownFileType = sourcecode.c.h; path = ViewController.h; sourceTree = "<group>"; };
		3341AC5223129568000285C7 /* ViewController.m */ = {isa = PBXFileReference; lastKnownFileType = sourcecode.c.objc; path = ViewController.m; sourceTree = "<group>"; };
		3341AC5523129568000285C7 /* Base */ = {isa = PBXFileReference; lastKnownFileType = file.storyboard; name = Base; path = Base.lproj/Main.storyboard; sourceTree = "<group>"; };
		3341AC5723129569000285C7 /* Assets.xcassets */ = {isa = PBXFileReference; lastKnownFileType = folder.assetcatalog; path = Assets.xcassets; sourceTree = "<group>"; };
		3341AC5A23129569000285C7 /* Base */ = {isa = PBXFileReference; lastKnownFileType = file.storyboard; name = Base; path = Base.lproj/LaunchScreen.storyboard; sourceTree = "<group>"; };
		3341AC5C23129569000285C7 /* Info.plist */ = {isa = PBXFileReference; lastKnownFileType = text.plist.xml; path = Info.plist; sourceTree = "<group>"; };
		3341AC5D23129569000285C7 /* main.m */ = {isa = PBXFileReference; lastKnownFileType = sourcecode.c.objc; path = main.m; sourceTree = "<group>"; };
		3341AC8E2312ADCF000285C7 /* CCMediator+AccountModule.h */ = {isa = PBXFileReference; lastKnownFileType = sourcecode.c.h; path = "CCMediator+AccountModule.h"; sourceTree = "<group>"; };
		3341AC8F2312ADCF000285C7 /* CCMediator+AccountModule.m */ = {isa = PBXFileReference; lastKnownFileType = sourcecode.c.objc; path = "CCMediator+AccountModule.m"; sourceTree = "<group>"; };
		D6E58EFCA1796F0F22DF7A63 /* libPods-AccountModule_Category.a */ = {isa = PBXFileReference; explicitFileType = archive.ar; includeInIndex = 0; path = "libPods-AccountModule_Category.a"; sourceTree = BUILT_PRODUCTS_DIR; };
/* End PBXFileReference section */

/* Begin PBXFrameworksBuildPhase section */
		3341AC4823129568000285C7 /* Frameworks */ = {
			isa = PBXFrameworksBuildPhase;
			buildActionMask = 2147483647;
			files = (
				5366DF7470E8FB918C159295 /* libPods-AccountModule_Category.a in Frameworks */,
			);
			runOnlyForDeploymentPostprocessing = 0;
		};
/* End PBXFrameworksBuildPhase section */

/* Begin PBXGroup section */
		3341AC4223129568000285C7 = {
			isa = PBXGroup;
			children = (
				3341AC4D23129568000285C7 /* AccountModule_Category */,
				3341AC4C23129568000285C7 /* Products */,
				B9C7BDDA498B23E898765E4E /* Pods */,
				9B3FDF229706B7E96832B12A /* Frameworks */,
			);
			sourceTree = "<group>";
		};
		3341AC4C23129568000285C7 /* Products */ = {
			isa = PBXGroup;
			children = (
				3341AC4B23129568000285C7 /* AccountModule_Category.app */,
			);
			name = Products;
			sourceTree = "<group>";
		};
		3341AC4D23129568000285C7 /* AccountModule_Category */ = {
			isa = PBXGroup;
			children = (
				3341AC64231295B8000285C7 /* AccountModule_Category */,
				3341AC4E23129568000285C7 /* AppDelegate.h */,
				3341AC4F23129568000285C7 /* AppDelegate.m */,
				3341AC5123129568000285C7 /* ViewController.h */,
				3341AC5223129568000285C7 /* ViewController.m */,
				3341AC5423129568000285C7 /* Main.storyboard */,
				3341AC5723129569000285C7 /* Assets.xcassets */,
				3341AC5923129569000285C7 /* LaunchScreen.storyboard */,
				3341AC5C23129569000285C7 /* Info.plist */,
				3341AC5D23129569000285C7 /* main.m */,
			);
			path = AccountModule_Category;
			sourceTree = "<group>";
		};
		3341AC64231295B8000285C7 /* AccountModule_Category */ = {
			isa = PBXGroup;
			children = (
				3341AC8E2312ADCF000285C7 /* CCMediator+AccountModule.h */,
				3341AC8F2312ADCF000285C7 /* CCMediator+AccountModule.m */,
			);
			path = AccountModule_Category;
			sourceTree = "<group>";
		};
		9B3FDF229706B7E96832B12A /* Frameworks */ = {
			isa = PBXGroup;
			children = (
				D6E58EFCA1796F0F22DF7A63 /* libPods-AccountModule_Category.a */,
			);
			name = Frameworks;
			sourceTree = "<group>";
		};
		B9C7BDDA498B23E898765E4E /* Pods */ = {
			isa = PBXGroup;
			children = (
				182CFDF76513DD851C58369D /* Pods-AccountModule_Category.debug.xcconfig */,
				0A153C5ED92A47411C371431 /* Pods-AccountModule_Category.release.xcconfig */,
			);
			path = Pods;
			sourceTree = "<group>";
		};
/* End PBXGroup section */

/* Begin PBXNativeTarget section */
		3341AC4A23129568000285C7 /* AccountModule_Category */ = {
			isa = PBXNativeTarget;
			buildConfigurationList = 3341AC6123129569000285C7 /* Build configuration list for PBXNativeTarget "AccountModule_Category" */;
			buildPhases = (
				F7CAD62A8BCBC515322E797C /* [CP] Check Pods Manifest.lock */,
				3341AC4723129568000285C7 /* Sources */,
				3341AC4823129568000285C7 /* Frameworks */,
				3341AC4923129568000285C7 /* Resources */,
			);
			buildRules = (
			);
			dependencies = (
			);
			name = AccountModule_Category;
			productName = AccountModule_Category;
			productReference = 3341AC4B23129568000285C7 /* AccountModule_Category.app */;
			productType = "com.apple.product-type.application";
		};
/* End PBXNativeTarget section */

/* Begin PBXProject section */
		3341AC4323129568000285C7 /* Project object */ = {
			isa = PBXProject;
			attributes = {
				LastUpgradeCheck = 1030;
				ORGANIZATIONNAME = "Cai Cai";
				TargetAttributes = {
					3341AC4A23129568000285C7 = {
						CreatedOnToolsVersion = 10.3;
					};
				};
			};
			buildConfigurationList = 3341AC4623129568000285C7 /* Build configuration list for PBXProject "AccountModule_Category" */;
			compatibilityVersion = "Xcode 9.3";
			developmentRegion = en;
			hasScannedForEncodings = 0;
			knownRegions = (
				en,
				Base,
			);
			mainGroup = 3341AC4223129568000285C7;
			productRefGroup = 3341AC4C23129568000285C7 /* Products */;
			projectDirPath = "";
			projectRoot = "";
			targets = (
				3341AC4A23129568000285C7 /* AccountModule_Category */,
			);
		};
/* End PBXProject section */

/* Begin PBXResourcesBuildPhase section */
		3341AC4923129568000285C7 /* Resources */ = {
			isa = PBXResourcesBuildPhase;
			buildActionMask = 2147483647;
			files = (
				3341AC5B23129569000285C7 /* LaunchScreen.storyboard in Resources */,
				3341AC5823129569000285C7 /* Assets.xcassets in Resources */,
				3341AC5623129568000285C7 /* Main.storyboard in Resources */,
			);
			runOnlyForDeploymentPostprocessing = 0;
		};
/* End PBXResourcesBuildPhase section */

/* Begin PBXShellScriptBuildPhase section */
		F7CAD62A8BCBC515322E797C /* [CP] Check Pods Manifest.lock */ = {
			isa = PBXShellScriptBuildPhase;
			buildActionMask = 2147483647;
			files = (
			);
			inputFileListPaths = (
			);
			inputPaths = (
				"${PODS_PODFILE_DIR_PATH}/Podfile.lock",
				"${PODS_ROOT}/Manifest.lock",
			);
			name = "[CP] Check Pods Manifest.lock";
			outputFileListPaths = (
			);
			outputPaths = (
				"$(DERIVED_FILE_DIR)/Pods-AccountModule_Category-checkManifestLockResult.txt",
			);
			runOnlyForDeploymentPostprocessing = 0;
			shellPath = /bin/sh;
			shellScript = "diff \"${PODS_PODFILE_DIR_PATH}/Podfile.lock\" \"${PODS_ROOT}/Manifest.lock\" > /dev/null\nif [ $? != 0 ] ; then\n    # print error to STDERR\n    echo \"error: The sandbox is not in sync with the Podfile.lock. Run 'pod install' or update your CocoaPods installation.\" >&2\n    exit 1\nfi\n# This output is used by Xcode 'outputs' to avoid re-running this script phase.\necho \"SUCCESS\" > \"${SCRIPT_OUTPUT_FILE_0}\"\n";
			showEnvVarsInLog = 0;
		};
/* End PBXShellScriptBuildPhase section */

/* Begin PBXSourcesBuildPhase section */
		3341AC4723129568000285C7 /* Sources */ = {
			isa = PBXSourcesBuildPhase;
			buildActionMask = 2147483647;
			files = (
				3341AC5323129568000285C7 /* ViewController.m in Sources */,
				3341AC5E23129569000285C7 /* main.m in Sources */,
				3341AC5023129568000285C7 /* AppDelegate.m in Sources */,
				3341AC902312ADCF000285C7 /* CCMediator+AccountModule.m in Sources */,
			);
			runOnlyForDeploymentPostprocessing = 0;
		};
/* End PBXSourcesBuildPhase section */

/* Begin PBXVariantGroup section */
		3341AC5423129568000285C7 /* Main.storyboard */ = {
			isa = PBXVariantGroup;
			children = (
				3341AC5523129568000285C7 /* Base */,
			);
			name = Main.storyboard;
			sourceTree = "<group>";
		};
		3341AC5923129569000285C7 /* LaunchScreen.storyboard */ = {
			isa = PBXVariantGroup;
			children = (
				3341AC5A23129569000285C7 /* Base */,
			);
			name = LaunchScreen.storyboard;
			sourceTree = "<group>";
		};
/* End PBXVariantGroup section */

/* Begin XCBuildConfiguration section */
		3341AC5F23129569000285C7 /* Debug */ = {
			isa = XCBuildConfiguration;
			buildSettings = {
				ALWAYS_SEARCH_USER_PATHS = NO;
				CLANG_ANALYZER_NONNULL = YES;
				CLANG_ANALYZER_NUMBER_OBJECT_CONVERSION = YES_AGGRESSIVE;
				CLANG_CXX_LANGUAGE_STANDARD = "gnu++14";
				CLANG_CXX_LIBRARY = "libc++";
				CLANG_ENABLE_MODULES = YES;
				CLANG_ENABLE_OBJC_ARC = YES;
				CLANG_ENABLE_OBJC_WEAK = YES;
				CLANG_WARN_BLOCK_CAPTURE_AUTORELEASING = YES;
				CLANG_WARN_BOOL_CONVERSION = YES;
				CLANG_WARN_COMMA = YES;
				CLANG_WARN_CONSTANT_CONVERSION = YES;
				CLANG_WARN_DEPRECATED_OBJC_IMPLEMENTATIONS = YES;
				CLANG_WARN_DIRECT_OBJC_ISA_USAGE = YES_ERROR;
				CLANG_WARN_DOCUMENTATION_COMMENTS = YES;
				CLANG_WARN_EMPTY_BODY = YES;
				CLANG_WARN_ENUM_CONVERSION = YES;
				CLANG_WARN_INFINITE_RECURSION = YES;
				CLANG_WARN_INT_CONVERSION = YES;
				CLANG_WARN_NON_LITERAL_NULL_CONVERSION = YES;
				CLANG_WARN_OBJC_IMPLICIT_RETAIN_SELF = YES;
				CLANG_WARN_OBJC_LITERAL_CONVERSION = YES;
				CLANG_WARN_OBJC_ROOT_CLASS = YES_ERROR;
				CLANG_WARN_RANGE_LOOP_ANALYSIS = YES;
				CLANG_WARN_STRICT_PROTOTYPES = YES;
				CLANG_WARN_SUSPICIOUS_MOVE = YES;
				CLANG_WARN_UNGUARDED_AVAILABILITY = YES_AGGRESSIVE;
				CLANG_WARN_UNREACHABLE_CODE = YES;
				CLANG_WARN__DUPLICATE_METHOD_MATCH = YES;
				CODE_SIGN_IDENTITY = "iPhone Developer";
				COPY_PHASE_STRIP = NO;
				DEBUG_INFORMATION_FORMAT = dwarf;
				ENABLE_STRICT_OBJC_MSGSEND = YES;
				ENABLE_TESTABILITY = YES;
				GCC_C_LANGUAGE_STANDARD = gnu11;
				GCC_DYNAMIC_NO_PIC = NO;
				GCC_NO_COMMON_BLOCKS = YES;
				GCC_OPTIMIZATION_LEVEL = 0;
				GCC_PREPROCESSOR_DEFINITIONS = (
					"DEBUG=1",
					"$(inherited)",
				);
				GCC_WARN_64_TO_32_BIT_CONVERSION = YES;
				GCC_WARN_ABOUT_RETURN_TYPE = YES_ERROR;
				GCC_WARN_UNDECLARED_SELECTOR = YES;
				GCC_WARN_UNINITIALIZED_AUTOS = YES_AGGRESSIVE;
				GCC_WARN_UNUSED_FUNCTION = YES;
				GCC_WARN_UNUSED_VARIABLE = YES;
				IPHONEOS_DEPLOYMENT_TARGET = 12.4;
				MTL_ENABLE_DEBUG_INFO = INCLUDE_SOURCE;
				MTL_FAST_MATH = YES;
				ONLY_ACTIVE_ARCH = YES;
				SDKROOT = iphoneos;
			};
			name = Debug;
		};
		3341AC6023129569000285C7 /* Release */ = {
			isa = XCBuildConfiguration;
			buildSettings = {
				ALWAYS_SEARCH_USER_PATHS = NO;
				CLANG_ANALYZER_NONNULL = YES;
				CLANG_ANALYZER_NUMBER_OBJECT_CONVERSION = YES_AGGRESSIVE;
				CLANG_CXX_LANGUAGE_STANDARD = "gnu++14";
				CLANG_CXX_LIBRARY = "libc++";
				CLANG_ENABLE_MODULES = YES;
				CLANG_ENABLE_OBJC_ARC = YES;
				CLANG_ENABLE_OBJC_WEAK = YES;
				CLANG_WARN_BLOCK_CAPTURE_AUTORELEASING = YES;
				CLANG_WARN_BOOL_CONVERSION = YES;
				CLANG_WARN_COMMA = YES;
				CLANG_WARN_CONSTANT_CONVERSION = YES;
				CLANG_WARN_DEPRECATED_OBJC_IMPLEMENTATIONS = YES;
				CLANG_WARN_DIRECT_OBJC_ISA_USAGE = YES_ERROR;
				CLANG_WARN_DOCUMENTATION_COMMENTS = YES;
				CLANG_WARN_EMPTY_BODY = YES;
				CLANG_WARN_ENUM_CONVERSION = YES;
				CLANG_WARN_INFINITE_RECURSION = YES;
				CLANG_WARN_INT_CONVERSION = YES;
				CLANG_WARN_NON_LITERAL_NULL_CONVERSION = YES;
				CLANG_WARN_OBJC_IMPLICIT_RETAIN_SELF = YES;
				CLANG_WARN_OBJC_LITERAL_CONVERSION = YES;
				CLANG_WARN_OBJC_ROOT_CLASS = YES_ERROR;
				CLANG_WARN_RANGE_LOOP_ANALYSIS = YES;
				CLANG_WARN_STRICT_PROTOTYPES = YES;
				CLANG_WARN_SUSPICIOUS_MOVE = YES;
				CLANG_WARN_UNGUARDED_AVAILABILITY = YES_AGGRESSIVE;
				CLANG_WARN_UNREACHABLE_CODE = YES;
				CLANG_WARN__DUPLICATE_METHOD_MATCH = YES;
				CODE_SIGN_IDENTITY = "iPhone Developer";
				COPY_PHASE_STRIP = NO;
				DEBUG_INFORMATION_FORMAT = "dwarf-with-dsym";
				ENABLE_NS_ASSERTIONS = NO;
				ENABLE_STRICT_OBJC_MSGSEND = YES;
				GCC_C_LANGUAGE_STANDARD = gnu11;
				GCC_NO_COMMON_BLOCKS = YES;
				GCC_WARN_64_TO_32_BIT_CONVERSION = YES;
				GCC_WARN_ABOUT_RETURN_TYPE = YES_ERROR;
				GCC_WARN_UNDECLARED_SELECTOR = YES;
				GCC_WARN_UNINITIALIZED_AUTOS = YES_AGGRESSIVE;
				GCC_WARN_UNUSED_FUNCTION = YES;
				GCC_WARN_UNUSED_VARIABLE = YES;
				IPHONEOS_DEPLOYMENT_TARGET = 12.4;
				MTL_ENABLE_DEBUG_INFO = NO;
				MTL_FAST_MATH = YES;
				SDKROOT = iphoneos;
				VALIDATE_PRODUCT = YES;
			};
			name = Release;
		};
		3341AC6223129569000285C7 /* Debug */ = {
			isa = XCBuildConfiguration;
			baseConfigurationReference = 182CFDF76513DD851C58369D /* Pods-AccountModule_Category.debug.xcconfig */;
			buildSettings = {
				ASSETCATALOG_COMPILER_APPICON_NAME = AppIcon;
				CODE_SIGN_STYLE = Automatic;
				INFOPLIST_FILE = AccountModule_Category/Info.plist;
				LD_RUNPATH_SEARCH_PATHS = (
					"$(inherited)",
					"@executable_path/Frameworks",
				);
				PRODUCT_BUNDLE_IDENTIFIER = "com.cctomato..AccountModule-Category";
				PRODUCT_NAME = "$(TARGET_NAME)";
				TARGETED_DEVICE_FAMILY = "1,2";
			};
			name = Debug;
		};
		3341AC6323129569000285C7 /* Release */ = {
			isa = XCBuildConfiguration;
			baseConfigurationReference = 0A153C5ED92A47411C371431 /* Pods-AccountModule_Category.release.xcconfig */;
			buildSettings = {
				ASSETCATALOG_COMPILER_APPICON_NAME = AppIcon;
				CODE_SIGN_STYLE = Automatic;
				INFOPLIST_FILE = AccountModule_Category/Info.plist;
				LD_RUNPATH_SEARCH_PATHS = (
					"$(inherited)",
					"@executable_path/Frameworks",
				);
				PRODUCT_BUNDLE_IDENTIFIER = "com.cctomato..AccountModule-Category";
				PRODUCT_NAME = "$(TARGET_NAME)";
				TARGETED_DEVICE_FAMILY = "1,2";
			};
			name = Release;
		};
/* End XCBuildConfiguration section */

/* Begin XCConfigurationList section */
		3341AC4623129568000285C7 /* Build configuration list for PBXProject "AccountModule_Category" */ = {
			isa = XCConfigurationList;
			buildConfigurations = (
				3341AC5F23129569000285C7 /* Debug */,
				3341AC6023129569000285C7 /* Release */,
			);
			defaultConfigurationIsVisible = 0;
			defaultConfigurationName = Release;
		};
		3341AC6123129569000285C7 /* Build configuration list for PBXNativeTarget "AccountModule_Category" */ = {
			isa = XCConfigurationList;
			buildConfigurations = (
				3341AC6223129569000285C7 /* Debug */,
				3341AC6323129569000285C7 /* Release */,
			);
			defaultConfigurationIsVisible = 0;
			defaultConfigurationName = Release;
		};
/* End XCConfigurationList section */
	};
	rootObject = 3341AC4323129568000285C7 /* Project object */;
}
